
Microsoft Visual Studio Solution File, Format Version 12.00
# Visual Studio Version 16
VisualStudioVersion = 16.0.31624.102
MinimumVisualStudioVersion = 10.0.40219.1
Project("{8BC9CEB8-8B4A-11D0-8D11-00A0C91BC942}") = "Lab3", "Lab3.vcxproj", "{27DB5B1E-4F7F-44CC-9A40-8138CE93106E}"
EndProject
Global
	GlobalSection(SolutionConfigurationPlatforms) = preSolution
		Debug|x64 = Debug|x64
		Debug|x86 = Debug|x86
		Release|x64 = Release|x64
		Release|x86 = Release|x86
	EndGlobalSection
	GlobalSection(ProjectConfigurationPlatforms) = postSolution
		{27DB5B1E-4F7F-44CC-9A40-8138CE93106E}.Debug|x64.ActiveCfg = Debug|x64
		{27DB5B1E-4F7F-44CC-9A40-8138CE93106E}.Debug|x64.Build.0 = Debug|x64
		{27DB5B1E-4F7F-44CC-9A40-8138CE93106E}.Debug|x86.ActiveCfg = Debug|Win32
		{27DB5B1E-4F7F-44CC-9A40-8138CE93106E}.Debug|x86.Build.0 = Debug|Win32
		{27DB5B1E-4F7F-44CC-9A40-8138CE93106E}.Release|x64.ActiveCfg = Release|x64
		{27DB5B1E-4F7F-44CC-9A40-8138CE93106E}.Release|x64.Build.0 = Release|x64
		{27DB5B1E-4F7F-44CC-9A40-8138CE93106E}.Release|x86.ActiveCfg = Release|Win32
		{27DB5B1E-4F7F-44CC-9A40-8138CE93106E}.Release|x86.Build.0 = Release|Win32
	EndGlobalSection
	GlobalSection(SolutionProperties) = preSolution
		HideSolutionNode = FALSE
	EndGlobalSection
	GlobalSection(ExtensibilityGlobals) = postSolution
		SolutionGuid = {1C0D63EC-5596-462C-A480-86441B056ABF}
	EndGlobalSection
EndGlobal
